
Microsoft Visual Studio Solution File, Format Version 10.00
# Visual Studio 2008
Project("{8BC9CEB8-8B4A-11D0-8D11-00A0C91BC942}") = "War3Key", "War3Key\War3Key.vcproj", "{7542770B-7B72-471E-9B6C-AD5393CBF8C6}"
EndProject
Project("{8BC9CEB8-8B4A-11D0-8D11-00A0C91BC942}") = "KeyHook", "KeyHook\KeyHook.vcproj", "{4706A286-72A7-415D-A0EC-E003838DA484}"
EndProject
Global
	GlobalSection(SolutionConfigurationPlatforms) = preSolution
		Debug|Win32 = Debug|Win32
		Release|Win32 = Release|Win32
	EndGlobalSection
	GlobalSection(ProjectConfigurationPlatforms) = postSolution
		{7542770B-7B72-471E-9B6C-AD5393CBF8C6}.Debug|Win32.ActiveCfg = Debug|Win32
		{7542770B-7B72-471E-9B6C-AD5393CBF8C6}.Debug|Win32.Build.0 = Debug|Win32
		{7542770B-7B72-471E-9B6C-AD5393CBF8C6}.Release|Win32.ActiveCfg = Release|Win32
		{7542770B-7B72-471E-9B6C-AD5393CBF8C6}.Release|Win32.Build.0 = Release|Win32
		{4706A286-72A7-415D-A0EC-E003838DA484}.Debug|Win32.ActiveCfg = Debug|Win32
		{4706A286-72A7-415D-A0EC-E003838DA484}.Debug|Win32.Build.0 = Debug|Win32
		{4706A286-72A7-415D-A0EC-E003838DA484}.Release|Win32.ActiveCfg = Release|Win32
		{4706A286-72A7-415D-A0EC-E003838DA484}.Release|Win32.Build.0 = Release|Win32
	EndGlobalSection
	GlobalSection(SolutionProperties) = preSolution
		HideSolutionNode = FALSE
	EndGlobalSection
EndGlobal
